{
  "nodes": {
    "nixpkgs": {
      "locked": {
        "lastModified": 1732610484,
        "narHash": "sha256-sCfVMez8fsmaB4airZIf7YbCaaYhw5iN5fgaJt+2uJk=",
        "owner": "NixOS",
        "repo": "nixpkgs",
        "rev": "de4dbc58fdeb84694d47d6c3f7b9f04a57cc4231",
        "type": "github"
      },
      "original": {
        "owner": "NixOS",
        "ref": "master",
        "repo": "nixpkgs",
        "type": "github"
      }
    },
    "root": {
      "inputs": {
        "nixpkgs": "nixpkgs"
      }
    }
  },
  "root": "root",
  "version": 7
}
